
Microsoft Visual Studio Solution File, Format Version 12.00
# Visual Studio Version 18
VisualStudioVersion = 18.3.11222.16
MinimumVisualStudioVersion = 10.0.40219.1
Project("{2150E333-8FDC-42A3-9474-1A3956D46DE8}") = "src", "src", "{827E0CD3-B72D-47B6-A68D-7590B98EB39B}"
EndProject
Project("{FAE04EC0-301F-11D3-BF4B-00C04F79EFBC}") = "FocusFlow.Domain", "src\FocusFlow.Domain\FocusFlow.Domain.csproj", "{E2678808-989D-45C6-B4B4-E88089F2B63F}"
EndProject
Project("{2150E333-8FDC-42A3-9474-1A3956D46DE8}") = "tests", "tests", "{0AB3BF05-4346-4AA6-1389-037BE0695223}"
EndProject
Project("{FAE04EC0-301F-11D3-BF4B-00C04F79EFBC}") = "FocusFlow.Domain.Tests", "tests\FocusFlow.Domain.Tests\FocusFlow.Domain.Tests.csproj", "{EFA250C7-CE3B-4FDF-8217-2C1ED8A87CEE}"
EndProject
Project("{FAE04EC0-301F-11D3-BF4B-00C04F79EFBC}") = "FocusFlow.Application", "src\FocusFlow.Application\FocusFlow.Application.csproj", "{F65B5C88-AD1F-4E65-B499-BB288BC0256A}"
EndProject
Project("{FAE04EC0-301F-11D3-BF4B-00C04F79EFBC}") = "FocusFlow.Application.Tests", "tests\FocusFlow.Application.Tests\FocusFlow.Application.Tests.csproj", "{244F9AF9-2FA7-47B5-9D33-4CAC6C66AA28}"
EndProject
Project("{FAE04EC0-301F-11D3-BF4B-00C04F79EFBC}") = "FocusFlow.Infrastructure", "src\FocusFlow.Infrastructure\FocusFlow.Infrastructure.csproj", "{7D3966BD-CDC7-407A-9985-45C8AE33E310}"
EndProject
Project("{FAE04EC0-301F-11D3-BF4B-00C04F79EFBC}") = "FocusFlow.Infrastructure.Tests", "tests\FocusFlow.Infrastructure.Tests\FocusFlow.Infrastructure.Tests.csproj", "{A7C8326A-D3B0-41F8-B272-62FD1F534AD3}"
EndProject
Project("{FAE04EC0-301F-11D3-BF4B-00C04F79EFBC}") = "FocusFlow.Integration.Tests", "tests\FocusFlow.Integration.Tests\FocusFlow.Integration.Tests.csproj", "{515AFDA0-7833-45AB-82E2-6AF75F775A93}"
EndProject
Project("{FAE04EC0-301F-11D3-BF4B-00C04F79EFBC}") = "FocusFlow.WebApi", "src\FocusFlow.WebApi\FocusFlow.WebApi.csproj", "{04B72033-AA23-4C90-BABC-C9498209761F}"
EndProject
Project("{2150E333-8FDC-42A3-9474-1A3956D46DE8}") = "Solution Items", "Solution Items", "{4FA60269-8E9F-4841-B69F-C7907AD7CA6D}"
	ProjectSection(SolutionItems) = preProject
		Directory.Build.props = Directory.Build.props
		Directory.Packages.props = Directory.Packages.props
	EndProjectSection
EndProject
Project("{E53339B2-1760-4266-BCC7-CA923CBCF16C}") = "docker-compose", "docker-compose.dcproj", "{81DDED9D-158B-E303-5F62-77A2896D2A5A}"
EndProject
Project("{FAE04EC0-301F-11D3-BF4B-00C04F79EFBC}") = "FocusFlow.BlazorApp", "src\FocusFlow.BlazorApp\FocusFlow.BlazorApp.csproj", "{FE6C8C9C-81D4-452D-A774-125004CDB6C3}"
EndProject
Project("{FAE04EC0-301F-11D3-BF4B-00C04F79EFBC}") = "FocusFlow.BlazorApp.Tests", "tests\FocusFlow.BlazorApp.Tests\FocusFlow.BlazorApp.Tests.csproj", "{DFCE2EF3-08DF-4038-9256-1339F8E02496}"
EndProject
Project("{FAE04EC0-301F-11D3-BF4B-00C04F79EFBC}") = "FocusFlow.E2E.Tests", "tests\FocusFlow.E2E.Tests\FocusFlow.E2E.Tests.csproj", "{8BEE98DC-1213-0378-0478-153F55E48D0B}"
EndProject
Global
	GlobalSection(SolutionConfigurationPlatforms) = preSolution
		Debug|Any CPU = Debug|Any CPU
		Debug|x64 = Debug|x64
		Debug|x86 = Debug|x86
		Release|Any CPU = Release|Any CPU
		Release|x64 = Release|x64
		Release|x86 = Release|x86
	EndGlobalSection
	GlobalSection(ProjectConfigurationPlatforms) = postSolution
		{E2678808-989D-45C6-B4B4-E88089F2B63F}.Debug|Any CPU.ActiveCfg = Debug|Any CPU
		{E2678808-989D-45C6-B4B4-E88089F2B63F}.Debug|Any CPU.Build.0 = Debug|Any CPU
		{E2678808-989D-45C6-B4B4-E88089F2B63F}.Debug|x64.ActiveCfg = Debug|Any CPU
		{E2678808-989D-45C6-B4B4-E88089F2B63F}.Debug|x64.Build.0 = Debug|Any CPU
		{E2678808-989D-45C6-B4B4-E88089F2B63F}.Debug|x86.ActiveCfg = Debug|Any CPU
		{E2678808-989D-45C6-B4B4-E88089F2B63F}.Debug|x86.Build.0 = Debug|Any CPU
		{E2678808-989D-45C6-B4B4-E88089F2B63F}.Release|Any CPU.ActiveCfg = Release|Any CPU
		{E2678808-989D-45C6-B4B4-E88089F2B63F}.Release|Any CPU.Build.0 = Release|Any CPU
		{E2678808-989D-45C6-B4B4-E88089F2B63F}.Release|x64.ActiveCfg = Release|Any CPU
		{E2678808-989D-45C6-B4B4-E88089F2B63F}.Release|x64.Build.0 = Release|Any CPU
		{E2678808-989D-45C6-B4B4-E88089F2B63F}.Release|x86.ActiveCfg = Release|Any CPU
		{E2678808-989D-45C6-B4B4-E88089F2B63F}.Release|x86.Build.0 = Release|Any CPU
		{EFA250C7-CE3B-4FDF-8217-2C1ED8A87CEE}.Debug|Any CPU.ActiveCfg = Debug|Any CPU
		{EFA250C7-CE3B-4FDF-8217-2C1ED8A87CEE}.Debug|x64.ActiveCfg = Debug|Any CPU
		{EFA250C7-CE3B-4FDF-8217-2C1ED8A87CEE}.Debug|x64.Build.0 = Debug|Any CPU
		{EFA250C7-CE3B-4FDF-8217-2C1ED8A87CEE}.Debug|x86.ActiveCfg = Debug|Any CPU
		{EFA250C7-CE3B-4FDF-8217-2C1ED8A87CEE}.Debug|x86.Build.0 = Debug|Any CPU
		{EFA250C7-CE3B-4FDF-8217-2C1ED8A87CEE}.Release|Any CPU.ActiveCfg = Release|Any CPU
		{EFA250C7-CE3B-4FDF-8217-2C1ED8A87CEE}.Release|Any CPU.Build.0 = Release|Any CPU
		{EFA250C7-CE3B-4FDF-8217-2C1ED8A87CEE}.Release|x64.ActiveCfg = Release|Any CPU
		{EFA250C7-CE3B-4FDF-8217-2C1ED8A87CEE}.Release|x64.Build.0 = Release|Any CPU
		{EFA250C7-CE3B-4FDF-8217-2C1ED8A87CEE}.Release|x86.ActiveCfg = Release|Any CPU
		{EFA250C7-CE3B-4FDF-8217-2C1ED8A87CEE}.Release|x86.Build.0 = Release|Any CPU
		{F65B5C88-AD1F-4E65-B499-BB288BC0256A}.Debug|Any CPU.ActiveCfg = Debug|Any CPU
		{F65B5C88-AD1F-4E65-B499-BB288BC0256A}.Debug|Any CPU.Build.0 = Debug|Any CPU
		{F65B5C88-AD1F-4E65-B499-BB288BC0256A}.Debug|x64.ActiveCfg = Debug|Any CPU
		{F65B5C88-AD1F-4E65-B499-BB288BC0256A}.Debug|x64.Build.0 = Debug|Any CPU
		{F65B5C88-AD1F-4E65-B499-BB288BC0256A}.Debug|x86.ActiveCfg = Debug|Any CPU
		{F65B5C88-AD1F-4E65-B499-BB288BC0256A}.Debug|x86.Build.0 = Debug|Any CPU
		{F65B5C88-AD1F-4E65-B499-BB288BC0256A}.Release|Any CPU.ActiveCfg = Release|Any CPU
		{F65B5C88-AD1F-4E65-B499-BB288BC0256A}.Release|Any CPU.Build.0 = Release|Any CPU
		{F65B5C88-AD1F-4E65-B499-BB288BC0256A}.Release|x64.ActiveCfg = Release|Any CPU
		{F65B5C88-AD1F-4E65-B499-BB288BC0256A}.Release|x64.Build.0 = Release|Any CPU
		{F65B5C88-AD1F-4E65-B499-BB288BC0256A}.Release|x86.ActiveCfg = Release|Any CPU
		{F65B5C88-AD1F-4E65-B499-BB288BC0256A}.Release|x86.Build.0 = Release|Any CPU
		{244F9AF9-2FA7-47B5-9D33-4CAC6C66AA28}.Debug|Any CPU.ActiveCfg = Debug|Any CPU
		{244F9AF9-2FA7-47B5-9D33-4CAC6C66AA28}.Debug|x64.ActiveCfg = Debug|Any CPU
		{244F9AF9-2FA7-47B5-9D33-4CAC6C66AA28}.Debug|x64.Build.0 = Debug|Any CPU
		{244F9AF9-2FA7-47B5-9D33-4CAC6C66AA28}.Debug|x86.ActiveCfg = Debug|Any CPU
		{244F9AF9-2FA7-47B5-9D33-4CAC6C66AA28}.Debug|x86.Build.0 = Debug|Any CPU
		{244F9AF9-2FA7-47B5-9D33-4CAC6C66AA28}.Release|Any CPU.ActiveCfg = Release|Any CPU
		{244F9AF9-2FA7-47B5-9D33-4CAC6C66AA28}.Release|Any CPU.Build.0 = Release|Any CPU
		{244F9AF9-2FA7-47B5-9D33-4CAC6C66AA28}.Release|x64.ActiveCfg = Release|Any CPU
		{244F9AF9-2FA7-47B5-9D33-4CAC6C66AA28}.Release|x64.Build.0 = Release|Any CPU
		{244F9AF9-2FA7-47B5-9D33-4CAC6C66AA28}.Release|x86.ActiveCfg = Release|Any CPU
		{244F9AF9-2FA7-47B5-9D33-4CAC6C66AA28}.Release|x86.Build.0 = Release|Any CPU
		{7D3966BD-CDC7-407A-9985-45C8AE33E310}.Debug|Any CPU.ActiveCfg = Debug|Any CPU
		{7D3966BD-CDC7-407A-9985-45C8AE33E310}.Debug|Any CPU.Build.0 = Debug|Any CPU
		{7D3966BD-CDC7-407A-9985-45C8AE33E310}.Debug|x64.ActiveCfg = Debug|Any CPU
		{7D3966BD-CDC7-407A-9985-45C8AE33E310}.Debug|x64.Build.0 = Debug|Any CPU
		{7D3966BD-CDC7-407A-9985-45C8AE33E310}.Debug|x86.ActiveCfg = Debug|Any CPU
		{7D3966BD-CDC7-407A-9985-45C8AE33E310}.Debug|x86.Build.0 = Debug|Any CPU
		{7D3966BD-CDC7-407A-9985-45C8AE33E310}.Release|Any CPU.ActiveCfg = Release|Any CPU
		{7D3966BD-CDC7-407A-9985-45C8AE33E310}.Release|Any CPU.Build.0 = Release|Any CPU
		{7D3966BD-CDC7-407A-9985-45C8AE33E310}.Release|x64.ActiveCfg = Release|Any CPU
		{7D3966BD-CDC7-407A-9985-45C8AE33E310}.Release|x64.Build.0 = Release|Any CPU
		{7D3966BD-CDC7-407A-9985-45C8AE33E310}.Release|x86.ActiveCfg = Release|Any CPU
		{7D3966BD-CDC7-407A-9985-45C8AE33E310}.Release|x86.Build.0 = Release|Any CPU
		{A7C8326A-D3B0-41F8-B272-62FD1F534AD3}.Debug|Any CPU.ActiveCfg = Debug|Any CPU
		{A7C8326A-D3B0-41F8-B272-62FD1F534AD3}.Debug|x64.ActiveCfg = Debug|Any CPU
		{A7C8326A-D3B0-41F8-B272-62FD1F534AD3}.Debug|x64.Build.0 = Debug|Any CPU
		{A7C8326A-D3B0-41F8-B272-62FD1F534AD3}.Debug|x86.ActiveCfg = Debug|Any CPU
		{A7C8326A-D3B0-41F8-B272-62FD1F534AD3}.Debug|x86.Build.0 = Debug|Any CPU
		{A7C8326A-D3B0-41F8-B272-62FD1F534AD3}.Release|Any CPU.ActiveCfg = Release|Any CPU
		{A7C8326A-D3B0-41F8-B272-62FD1F534AD3}.Release|Any CPU.Build.0 = Release|Any CPU
		{A7C8326A-D3B0-41F8-B272-62FD1F534AD3}.Release|x64.ActiveCfg = Release|Any CPU
		{A7C8326A-D3B0-41F8-B272-62FD1F534AD3}.Release|x64.Build.0 = Release|Any CPU
		{A7C8326A-D3B0-41F8-B272-62FD1F534AD3}.Release|x86.ActiveCfg = Release|Any CPU
		{A7C8326A-D3B0-41F8-B272-62FD1F534AD3}.Release|x86.Build.0 = Release|Any CPU
		{515AFDA0-7833-45AB-82E2-6AF75F775A93}.Debug|Any CPU.ActiveCfg = Debug|Any CPU
		{515AFDA0-7833-45AB-82E2-6AF75F775A93}.Debug|x64.ActiveCfg = Debug|Any CPU
		{515AFDA0-7833-45AB-82E2-6AF75F775A93}.Debug|x64.Build.0 = Debug|Any CPU
		{515AFDA0-7833-45AB-82E2-6AF75F775A93}.Debug|x86.ActiveCfg = Debug|Any CPU
		{515AFDA0-7833-45AB-82E2-6AF75F775A93}.Debug|x86.Build.0 = Debug|Any CPU
		{515AFDA0-7833-45AB-82E2-6AF75F775A93}.Release|Any CPU.ActiveCfg = Release|Any CPU
		{515AFDA0-7833-45AB-82E2-6AF75F775A93}.Release|Any CPU.Build.0 = Release|Any CPU
		{515AFDA0-7833-45AB-82E2-6AF75F775A93}.Release|x64.ActiveCfg = Release|Any CPU
		{515AFDA0-7833-45AB-82E2-6AF75F775A93}.Release|x64.Build.0 = Release|Any CPU
		{515AFDA0-7833-45AB-82E2-6AF75F775A93}.Release|x86.ActiveCfg = Release|Any CPU
		{515AFDA0-7833-45AB-82E2-6AF75F775A93}.Release|x86.Build.0 = Release|Any CPU
		{04B72033-AA23-4C90-BABC-C9498209761F}.Debug|Any CPU.ActiveCfg = Debug|Any CPU
		{04B72033-AA23-4C90-BABC-C9498209761F}.Debug|Any CPU.Build.0 = Debug|Any CPU
		{04B72033-AA23-4C90-BABC-C9498209761F}.Debug|x64.ActiveCfg = Debug|Any CPU
		{04B72033-AA23-4C90-BABC-C9498209761F}.Debug|x64.Build.0 = Debug|Any CPU
		{04B72033-AA23-4C90-BABC-C9498209761F}.Debug|x86.ActiveCfg = Debug|Any CPU
		{04B72033-AA23-4C90-BABC-C9498209761F}.Debug|x86.Build.0 = Debug|Any CPU
		{04B72033-AA23-4C90-BABC-C9498209761F}.Release|Any CPU.ActiveCfg = Release|Any CPU
		{04B72033-AA23-4C90-BABC-C9498209761F}.Release|Any CPU.Build.0 = Release|Any CPU
		{04B72033-AA23-4C90-BABC-C9498209761F}.Release|x64.ActiveCfg = Release|Any CPU
		{04B72033-AA23-4C90-BABC-C9498209761F}.Release|x64.Build.0 = Release|Any CPU
		{04B72033-AA23-4C90-BABC-C9498209761F}.Release|x86.ActiveCfg = Release|Any CPU
		{04B72033-AA23-4C90-BABC-C9498209761F}.Release|x86.Build.0 = Release|Any CPU
		{81DDED9D-158B-E303-5F62-77A2896D2A5A}.Debug|Any CPU.ActiveCfg = Debug|Any CPU
		{81DDED9D-158B-E303-5F62-77A2896D2A5A}.Debug|Any CPU.Build.0 = Debug|Any CPU
		{81DDED9D-158B-E303-5F62-77A2896D2A5A}.Debug|x64.ActiveCfg = Debug|Any CPU
		{81DDED9D-158B-E303-5F62-77A2896D2A5A}.Debug|x64.Build.0 = Debug|Any CPU
		{81DDED9D-158B-E303-5F62-77A2896D2A5A}.Debug|x86.ActiveCfg = Debug|Any CPU
		{81DDED9D-158B-E303-5F62-77A2896D2A5A}.Debug|x86.Build.0 = Debug|Any CPU
		{81DDED9D-158B-E303-5F62-77A2896D2A5A}.Release|Any CPU.ActiveCfg = Release|Any CPU
		{81DDED9D-158B-E303-5F62-77A2896D2A5A}.Release|Any CPU.Build.0 = Release|Any CPU
		{81DDED9D-158B-E303-5F62-77A2896D2A5A}.Release|x64.ActiveCfg = Release|Any CPU
		{81DDED9D-158B-E303-5F62-77A2896D2A5A}.Release|x64.Build.0 = Release|Any CPU
		{81DDED9D-158B-E303-5F62-77A2896D2A5A}.Release|x86.ActiveCfg = Release|Any CPU
		{81DDED9D-158B-E303-5F62-77A2896D2A5A}.Release|x86.Build.0 = Release|Any CPU
		{FE6C8C9C-81D4-452D-A774-125004CDB6C3}.Debug|Any CPU.ActiveCfg = Debug|Any CPU
		{FE6C8C9C-81D4-452D-A774-125004CDB6C3}.Debug|Any CPU.Build.0 = Debug|Any CPU
		{FE6C8C9C-81D4-452D-A774-125004CDB6C3}.Debug|x64.ActiveCfg = Debug|Any CPU
		{FE6C8C9C-81D4-452D-A774-125004CDB6C3}.Debug|x64.Build.0 = Debug|Any CPU
		{FE6C8C9C-81D4-452D-A774-125004CDB6C3}.Debug|x86.ActiveCfg = Debug|Any CPU
		{FE6C8C9C-81D4-452D-A774-125004CDB6C3}.Debug|x86.Build.0 = Debug|Any CPU
		{FE6C8C9C-81D4-452D-A774-125004CDB6C3}.Release|Any CPU.ActiveCfg = Release|Any CPU
		{FE6C8C9C-81D4-452D-A774-125004CDB6C3}.Release|Any CPU.Build.0 = Release|Any CPU
		{FE6C8C9C-81D4-452D-A774-125004CDB6C3}.Release|x64.ActiveCfg = Release|Any CPU
		{FE6C8C9C-81D4-452D-A774-125004CDB6C3}.Release|x64.Build.0 = Release|Any CPU
		{FE6C8C9C-81D4-452D-A774-125004CDB6C3}.Release|x86.ActiveCfg = Release|Any CPU
		{FE6C8C9C-81D4-452D-A774-125004CDB6C3}.Release|x86.Build.0 = Release|Any CPU
		{DFCE2EF3-08DF-4038-9256-1339F8E02496}.Debug|Any CPU.ActiveCfg = Debug|Any CPU
		{DFCE2EF3-08DF-4038-9256-1339F8E02496}.Debug|Any CPU.Build.0 = Debug|Any CPU
		{DFCE2EF3-08DF-4038-9256-1339F8E02496}.Debug|x64.ActiveCfg = Debug|Any CPU
		{DFCE2EF3-08DF-4038-9256-1339F8E02496}.Debug|x64.Build.0 = Debug|Any CPU
		{DFCE2EF3-08DF-4038-9256-1339F8E02496}.Debug|x86.ActiveCfg = Debug|Any CPU
		{DFCE2EF3-08DF-4038-9256-1339F8E02496}.Debug|x86.Build.0 = Debug|Any CPU
		{DFCE2EF3-08DF-4038-9256-1339F8E02496}.Release|Any CPU.ActiveCfg = Release|Any CPU
		{DFCE2EF3-08DF-4038-9256-1339F8E02496}.Release|Any CPU.Build.0 = Release|Any CPU
		{DFCE2EF3-08DF-4038-9256-1339F8E02496}.Release|x64.ActiveCfg = Release|Any CPU
		{DFCE2EF3-08DF-4038-9256-1339F8E02496}.Release|x64.Build.0 = Release|Any CPU
		{DFCE2EF3-08DF-4038-9256-1339F8E02496}.Release|x86.ActiveCfg = Release|Any CPU
		{DFCE2EF3-08DF-4038-9256-1339F8E02496}.Release|x86.Build.0 = Release|Any CPU
		{8BEE98DC-1213-0378-0478-153F55E48D0B}.Debug|Any CPU.ActiveCfg = Debug|Any CPU
		{8BEE98DC-1213-0378-0478-153F55E48D0B}.Debug|Any CPU.Build.0 = Debug|Any CPU
		{8BEE98DC-1213-0378-0478-153F55E48D0B}.Debug|x64.ActiveCfg = Debug|Any CPU
		{8BEE98DC-1213-0378-0478-153F55E48D0B}.Debug|x64.Build.0 = Debug|Any CPU
		{8BEE98DC-1213-0378-0478-153F55E48D0B}.Debug|x86.ActiveCfg = Debug|Any CPU
		{8BEE98DC-1213-0378-0478-153F55E48D0B}.Debug|x86.Build.0 = Debug|Any CPU
		{8BEE98DC-1213-0378-0478-153F55E48D0B}.Release|Any CPU.ActiveCfg = Release|Any CPU
		{8BEE98DC-1213-0378-0478-153F55E48D0B}.Release|Any CPU.Build.0 = Release|Any CPU
		{8BEE98DC-1213-0378-0478-153F55E48D0B}.Release|x64.ActiveCfg = Release|Any CPU
		{8BEE98DC-1213-0378-0478-153F55E48D0B}.Release|x64.Build.0 = Release|Any CPU
		{8BEE98DC-1213-0378-0478-153F55E48D0B}.Release|x86.ActiveCfg = Release|Any CPU
		{8BEE98DC-1213-0378-0478-153F55E48D0B}.Release|x86.Build.0 = Release|Any CPU
	EndGlobalSection
	GlobalSection(SolutionProperties) = preSolution
		HideSolutionNode = FALSE
	EndGlobalSection
	GlobalSection(NestedProjects) = preSolution
		{E2678808-989D-45C6-B4B4-E88089F2B63F} = {827E0CD3-B72D-47B6-A68D-7590B98EB39B}
		{EFA250C7-CE3B-4FDF-8217-2C1ED8A87CEE} = {0AB3BF05-4346-4AA6-1389-037BE0695223}
		{F65B5C88-AD1F-4E65-B499-BB288BC0256A} = {827E0CD3-B72D-47B6-A68D-7590B98EB39B}
		{244F9AF9-2FA7-47B5-9D33-4CAC6C66AA28} = {0AB3BF05-4346-4AA6-1389-037BE0695223}
		{7D3966BD-CDC7-407A-9985-45C8AE33E310} = {827E0CD3-B72D-47B6-A68D-7590B98EB39B}
		{A7C8326A-D3B0-41F8-B272-62FD1F534AD3} = {0AB3BF05-4346-4AA6-1389-037BE0695223}
		{515AFDA0-7833-45AB-82E2-6AF75F775A93} = {0AB3BF05-4346-4AA6-1389-037BE0695223}
		{04B72033-AA23-4C90-BABC-C9498209761F} = {827E0CD3-B72D-47B6-A68D-7590B98EB39B}
		{FE6C8C9C-81D4-452D-A774-125004CDB6C3} = {827E0CD3-B72D-47B6-A68D-7590B98EB39B}
		{DFCE2EF3-08DF-4038-9256-1339F8E02496} = {0AB3BF05-4346-4AA6-1389-037BE0695223}
		{8BEE98DC-1213-0378-0478-153F55E48D0B} = {0AB3BF05-4346-4AA6-1389-037BE0695223}
	EndGlobalSection
	GlobalSection(ExtensibilityGlobals) = postSolution
		SolutionGuid = {9A3576C1-E54B-4DA7-B8B4-A1B7B29C0CC1}
	EndGlobalSection
EndGlobal
